
Microsoft Visual Studio Solution File, Format Version 12.00
# Visual Studio 2012
Project("{FAE04EC0-301F-11D3-BF4B-00C04F79EFBC}") = "GitHub_POC", "GitHub_POC\GitHub_POC.csproj", "{94088349-7A8F-47A4-A18E-CF7DFA9AD28E}"
EndProject
Global
	GlobalSection(SolutionConfigurationPlatforms) = preSolution
		Debug|Any CPU = Debug|Any CPU
		Release|Any CPU = Release|Any CPU
	EndGlobalSection
	GlobalSection(ProjectConfigurationPlatforms) = postSolution
		{94088349-7A8F-47A4-A18E-CF7DFA9AD28E}.Debug|Any CPU.ActiveCfg = Debug|Any CPU
		{94088349-7A8F-47A4-A18E-CF7DFA9AD28E}.Debug|Any CPU.Build.0 = Debug|Any CPU
		{94088349-7A8F-47A4-A18E-CF7DFA9AD28E}.Release|Any CPU.ActiveCfg = Release|Any CPU
		{94088349-7A8F-47A4-A18E-CF7DFA9AD28E}.Release|Any CPU.Build.0 = Release|Any CPU
	EndGlobalSection
	GlobalSection(SolutionProperties) = preSolution
		HideSolutionNode = FALSE
	EndGlobalSection
EndGlobal
